// !$*UTF8*$!
{
	archiveVersion = 1;
	classes = {
	};
	objectVersion = 50;
	objects = {

/* Begin PBXBuildFile section */
		52A11C6926A0804A00F2FF65 /* Help_me_chooseApp.swift in Sources */ = {isa = PBXBuildFile; fileRef = 52A11C6826A0804A00F2FF65 /* Help_me_chooseApp.swift */; };
		52A11C6B26A0804A00F2FF65 /* Enter_Screen.swift in Sources */ = {isa = PBXBuildFile; fileRef = 52A11C6A26A0804A00F2FF65 /* Enter_Screen.swift */; };
		52A11C6D26A0804D00F2FF65 /* Assets.xcassets in Resources */ = {isa = PBXBuildFile; fileRef = 52A11C6C26A0804D00F2FF65 /* Assets.xcassets */; };
		52A11C7026A0804D00F2FF65 /* Preview Assets.xcassets in Resources */ = {isa = PBXBuildFile; fileRef = 52A11C6F26A0804D00F2FF65 /* Preview Assets.xcassets */; };
		52A11C7B26A0804D00F2FF65 /* Help_me_chooseTests.swift in Sources */ = {isa = PBXBuildFile; fileRef = 52A11C7A26A0804D00F2FF65 /* Help_me_chooseTests.swift */; };
		52A11C8626A0804D00F2FF65 /* Help_me_chooseUITests.swift in Sources */ = {isa = PBXBuildFile; fileRef = 52A11C8526A0804D00F2FF65 /* Help_me_chooseUITests.swift */; };
/* End PBXBuildFile section */

/* Begin PBXContainerItemProxy section */
		52A11C7726A0804D00F2FF65 /* PBXContainerItemProxy */ = {
			isa = PBXContainerItemProxy;
			containerPortal = 52A11C5D26A0804A00F2FF65 /* Project object */;
			proxyType = 1;
			remoteGlobalIDString = 52A11C6426A0804A00F2FF65;
			remoteInfo = "Help me choose";
		};
		52A11C8226A0804D00F2FF65 /* PBXContainerItemProxy */ = {
			isa = PBXContainerItemProxy;
			containerPortal = 52A11C5D26A0804A00F2FF65 /* Project object */;
			proxyType = 1;
			remoteGlobalIDString = 52A11C6426A0804A00F2FF65;
			remoteInfo = "Help me choose";
		};
/* End PBXContainerItemProxy section */

/* Begin PBXFileReference section */
		52A11C6526A0804A00F2FF65 /* Help me choose.app */ = {isa = PBXFileReference; explicitFileType = wrapper.application; includeInIndex = 0; path = "Help me choose.app"; sourceTree = BUILT_PRODUCTS_DIR; };
		52A11C6826A0804A00F2FF65 /* Help_me_chooseApp.swift */ = {isa = PBXFileReference; lastKnownFileType = sourcecode.swift; path = Help_me_chooseApp.swift; sourceTree = "<group>"; };
		52A11C6A26A0804A00F2FF65 /* Enter_Screen.swift */ = {isa = PBXFileReference; lastKnownFileType = sourcecode.swift; path = Enter_Screen.swift; sourceTree = "<group>"; };
		52A11C6C26A0804D00F2FF65 /* Assets.xcassets */ = {isa = PBXFileReference; lastKnownFileType = folder.assetcatalog; path = Assets.xcassets; sourceTree = "<group>"; };
		52A11C6F26A0804D00F2FF65 /* Preview Assets.xcassets */ = {isa = PBXFileReference; lastKnownFileType = folder.assetcatalog; path = "Preview Assets.xcassets"; sourceTree = "<group>"; };
		52A11C7126A0804D00F2FF65 /* Info.plist */ = {isa = PBXFileReference; lastKnownFileType = text.plist.xml; path = Info.plist; sourceTree = "<group>"; };
		52A11C7626A0804D00F2FF65 /* Help me chooseTests.xctest */ = {isa = PBXFileReference; explicitFileType = wrapper.cfbundle; includeInIndex = 0; path = "Help me chooseTests.xctest"; sourceTree = BUILT_PRODUCTS_DIR; };
		52A11C7A26A0804D00F2FF65 /* Help_me_chooseTests.swift */ = {isa = PBXFileReference; lastKnownFileType = sourcecode.swift; path = Help_me_chooseTests.swift; sourceTree = "<group>"; };
		52A11C7C26A0804D00F2FF65 /* Info.plist */ = {isa = PBXFileReference; lastKnownFileType = text.plist.xml; path = Info.plist; sourceTree = "<group>"; };
		52A11C8126A0804D00F2FF65 /* Help me chooseUITests.xctest */ = {isa = PBXFileReference; explicitFileType = wrapper.cfbundle; includeInIndex = 0; path = "Help me chooseUITests.xctest"; sourceTree = BUILT_PRODUCTS_DIR; };
		52A11C8526A0804D00F2FF65 /* Help_me_chooseUITests.swift */ = {isa = PBXFileReference; lastKnownFileType = sourcecode.swift; path = Help_me_chooseUITests.swift; sourceTree = "<group>"; };
		52A11C8726A0804D00F2FF65 /* Info.plist */ = {isa = PBXFileReference; lastKnownFileType = text.plist.xml; path = Info.plist; sourceTree = "<group>"; };
/* End PBXFileReference section */

/* Begin PBXFrameworksBuildPhase section */
		52A11C6226A0804A00F2FF65 /* Frameworks */ = {
			isa = PBXFrameworksBuildPhase;
			buildActionMask = 2147483647;
			files = (
			);
			runOnlyForDeploymentPostprocessing = 0;
		};
		52A11C7326A0804D00F2FF65 /* Frameworks */ = {
			isa = PBXFrameworksBuildPhase;
			buildActionMask = 2147483647;
			files = (
			);
			runOnlyForDeploymentPostprocessing = 0;
		};
		52A11C7E26A0804D00F2FF65 /* Frameworks */ = {
			isa = PBXFrameworksBuildPhase;
			buildActionMask = 2147483647;
			files = (
			);
			runOnlyForDeploymentPostprocessing = 0;
		};
/* End PBXFrameworksBuildPhase section */

/* Begin PBXGroup section */
		52A11C5C26A0804A00F2FF65 = {
			isa = PBXGroup;
			children = (
				52A11C6726A0804A00F2FF65 /* Help me choose */,
				52A11C7926A0804D00F2FF65 /* Help me chooseTests */,
				52A11C8426A0804D00F2FF65 /* Help me chooseUITests */,
				52A11C6626A0804A00F2FF65 /* Products */,
			);
			sourceTree = "<group>";
		};
		52A11C6626A0804A00F2FF65 /* Products */ = {
			isa = PBXGroup;
			children = (
				52A11C6526A0804A00F2FF65 /* Help me choose.app */,
				52A11C7626A0804D00F2FF65 /* Help me chooseTests.xctest */,
				52A11C8126A0804D00F2FF65 /* Help me chooseUITests.xctest */,
			);
			name = Products;
			sourceTree = "<group>";
		};
		52A11C6726A0804A00F2FF65 /* Help me choose */ = {
			isa = PBXGroup;
			children = (
				52A11C6826A0804A00F2FF65 /* Help_me_chooseApp.swift */,
				52A11C6A26A0804A00F2FF65 /* Enter_Screen.swift */,
				52A11C6C26A0804D00F2FF65 /* Assets.xcassets */,
				52A11C7126A0804D00F2FF65 /* Info.plist */,
				52A11C6E26A0804D00F2FF65 /* Preview Content */,
			);
			path = "Help me choose";
			sourceTree = "<group>";
		};
		52A11C6E26A0804D00F2FF65 /* Preview Content */ = {
			isa = PBXGroup;
			children = (
				52A11C6F26A0804D00F2FF65 /* Preview Assets.xcassets */,
			);
			path = "Preview Content";
			sourceTree = "<group>";
		};
		52A11C7926A0804D00F2FF65 /* Help me chooseTests */ = {
			isa = PBXGroup;
			children = (
				52A11C7A26A0804D00F2FF65 /* Help_me_chooseTests.swift */,
				52A11C7C26A0804D00F2FF65 /* Info.plist */,
			);
			path = "Help me chooseTests";
			sourceTree = "<group>";
		};
		52A11C8426A0804D00F2FF65 /* Help me chooseUITests */ = {
			isa = PBXGroup;
			children = (
				52A11C8526A0804D00F2FF65 /* Help_me_chooseUITests.swift */,
				52A11C8726A0804D00F2FF65 /* Info.plist */,
			);
			path = "Help me chooseUITests";
			sourceTree = "<group>";
		};
/* End PBXGroup section */

/* Begin PBXNativeTarget section */
		52A11C6426A0804A00F2FF65 /* Help me choose */ = {
			isa = PBXNativeTarget;
			buildConfigurationList = 52A11C8A26A0804E00F2FF65 /* Build configuration list for PBXNativeTarget "Help me choose" */;
			buildPhases = (
				52A11C6126A0804A00F2FF65 /* Sources */,
				52A11C6226A0804A00F2FF65 /* Frameworks */,
				52A11C6326A0804A00F2FF65 /* Resources */,
			);
			buildRules = (
			);
			dependencies = (
			);
			name = "Help me choose";
			productName = "Help me choose";
			productReference = 52A11C6526A0804A00F2FF65 /* Help me choose.app */;
			productType = "com.apple.product-type.application";
		};
		52A11C7526A0804D00F2FF65 /* Help me chooseTests */ = {
			isa = PBXNativeTarget;
			buildConfigurationList = 52A11C8D26A0804E00F2FF65 /* Build configuration list for PBXNativeTarget "Help me chooseTests" */;
			buildPhases = (
				52A11C7226A0804D00F2FF65 /* Sources */,
				52A11C7326A0804D00F2FF65 /* Frameworks */,
				52A11C7426A0804D00F2FF65 /* Resources */,
			);
			buildRules = (
			);
			dependencies = (
				52A11C7826A0804D00F2FF65 /* PBXTargetDependency */,
			);
			name = "Help me chooseTests";
			productName = "Help me chooseTests";
			productReference = 52A11C7626A0804D00F2FF65 /* Help me chooseTests.xctest */;
			productType = "com.apple.product-type.bundle.unit-test";
		};
		52A11C8026A0804D00F2FF65 /* Help me chooseUITests */ = {
			isa = PBXNativeTarget;
			buildConfigurationList = 52A11C9026A0804E00F2FF65 /* Build configuration list for PBXNativeTarget "Help me chooseUITests" */;
			buildPhases = (
				52A11C7D26A0804D00F2FF65 /* Sources */,
				52A11C7E26A0804D00F2FF65 /* Frameworks */,
				52A11C7F26A0804D00F2FF65 /* Resources */,
			);
			buildRules = (
			);
			dependencies = (
				52A11C8326A0804D00F2FF65 /* PBXTargetDependency */,
			);
			name = "Help me chooseUITests";
			productName = "Help me chooseUITests";
			productReference = 52A11C8126A0804D00F2FF65 /* Help me chooseUITests.xctest */;
			productType = "com.apple.product-type.bundle.ui-testing";
		};
/* End PBXNativeTarget section */

/* Begin PBXProject section */
		52A11C5D26A0804A00F2FF65 /* Project object */ = {
			isa = PBXProject;
			attributes = {
				LastSwiftUpdateCheck = 1250;
				LastUpgradeCheck = 1250;
				TargetAttributes = {
					52A11C6426A0804A00F2FF65 = {
						CreatedOnToolsVersion = 12.5.1;
					};
					52A11C7526A0804D00F2FF65 = {
						CreatedOnToolsVersion = 12.5.1;
						TestTargetID = 52A11C6426A0804A00F2FF65;
					};
					52A11C8026A0804D00F2FF65 = {
						CreatedOnToolsVersion = 12.5.1;
						TestTargetID = 52A11C6426A0804A00F2FF65;
					};
				};
			};
			buildConfigurationList = 52A11C6026A0804A00F2FF65 /* Build configuration list for PBXProject "Help me choose" */;
			compatibilityVersion = "Xcode 9.3";
			developmentRegion = en;
			hasScannedForEncodings = 0;
			knownRegions = (
				en,
				Base,
			);
			mainGroup = 52A11C5C26A0804A00F2FF65;
			productRefGroup = 52A11C6626A0804A00F2FF65 /* Products */;
			projectDirPath = "";
			projectRoot = "";
			targets = (
				52A11C6426A0804A00F2FF65 /* Help me choose */,
				52A11C7526A0804D00F2FF65 /* Help me chooseTests */,
				52A11C8026A0804D00F2FF65 /* Help me chooseUITests */,
			);
		};
/* End PBXProject section */

/* Begin PBXResourcesBuildPhase section */
		52A11C6326A0804A00F2FF65 /* Resources */ = {
			isa = PBXResourcesBuildPhase;
			buildActionMask = 2147483647;
			files = (
				52A11C7026A0804D00F2FF65 /* Preview Assets.xcassets in Resources */,
				52A11C6D26A0804D00F2FF65 /* Assets.xcassets in Resources */,
			);
			runOnlyForDeploymentPostprocessing = 0;
		};
		52A11C7426A0804D00F2FF65 /* Resources */ = {
			isa = PBXResourcesBuildPhase;
			buildActionMask = 2147483647;
			files = (
			);
			runOnlyForDeploymentPostprocessing = 0;
		};
		52A11C7F26A0804D00F2FF65 /* Resources */ = {
			isa = PBXResourcesBuildPhase;
			buildActionMask = 2147483647;
			files = (
			);
			runOnlyForDeploymentPostprocessing = 0;
		};
/* End PBXResourcesBuildPhase section */

/* Begin PBXSourcesBuildPhase section */
		52A11C6126A0804A00F2FF65 /* Sources */ = {
			isa = PBXSourcesBuildPhase;
			buildActionMask = 2147483647;
			files = (
				52A11C6B26A0804A00F2FF65 /* Enter_Screen.swift in Sources */,
				52A11C6926A0804A00F2FF65 /* Help_me_chooseApp.swift in Sources */,
			);
			runOnlyForDeploymentPostprocessing = 0;
		};
		52A11C7226A0804D00F2FF65 /* Sources */ = {
			isa = PBXSourcesBuildPhase;
			buildActionMask = 2147483647;
			files = (
				52A11C7B26A0804D00F2FF65 /* Help_me_chooseTests.swift in Sources */,
			);
			runOnlyForDeploymentPostprocessing = 0;
		};
		52A11C7D26A0804D00F2FF65 /* Sources */ = {
			isa = PBXSourcesBuildPhase;
			buildActionMask = 2147483647;
			files = (
				52A11C8626A0804D00F2FF65 /* Help_me_chooseUITests.swift in Sources */,
			);
			runOnlyForDeploymentPostprocessing = 0;
		};
/* End PBXSourcesBuildPhase section */

/* Begin PBXTargetDependency section */
		52A11C7826A0804D00F2FF65 /* PBXTargetDependency */ = {
			isa = PBXTargetDependency;
			target = 52A11C6426A0804A00F2FF65 /* Help me choose */;
			targetProxy = 52A11C7726A0804D00F2FF65 /* PBXContainerItemProxy */;
		};
		52A11C8326A0804D00F2FF65 /* PBXTargetDependency */ = {
			isa = PBXTargetDependency;
			target = 52A11C6426A0804A00F2FF65 /* Help me choose */;
			targetProxy = 52A11C8226A0804D00F2FF65 /* PBXContainerItemProxy */;
		};
/* End PBXTargetDependency section */

/* Begin XCBuildConfiguration section */
		52A11C8826A0804D00F2FF65 /* Debug */ = {
			isa = XCBuildConfiguration;
			buildSettings = {
				ALWAYS_SEARCH_USER_PATHS = NO;
				CLANG_ANALYZER_NONNULL = YES;
				CLANG_ANALYZER_NUMBER_OBJECT_CONVERSION = YES_AGGRESSIVE;
				CLANG_CXX_LANGUAGE_STANDARD = "gnu++14";
				CLANG_CXX_LIBRARY = "libc++";
				CLANG_ENABLE_MODULES = YES;
				CLANG_ENABLE_OBJC_ARC = YES;
				CLANG_ENABLE_OBJC_WEAK = YES;
				CLANG_WARN_BLOCK_CAPTURE_AUTORELEASING = YES;
				CLANG_WARN_BOOL_CONVERSION = YES;
				CLANG_WARN_COMMA = YES;
				CLANG_WARN_CONSTANT_CONVERSION = YES;
				CLANG_WARN_DEPRECATED_OBJC_IMPLEMENTATIONS = YES;
				CLANG_WARN_DIRECT_OBJC_ISA_USAGE = YES_ERROR;
				CLANG_WARN_DOCUMENTATION_COMMENTS = YES;
				CLANG_WARN_EMPTY_BODY = YES;
				CLANG_WARN_ENUM_CONVERSION = YES;
				CLANG_WARN_INFINITE_RECURSION = YES;
				CLANG_WARN_INT_CONVERSION = YES;
				CLANG_WARN_NON_LITERAL_NULL_CONVERSION = YES;
				CLANG_WARN_OBJC_IMPLICIT_RETAIN_SELF = YES;
				CLANG_WARN_OBJC_LITERAL_CONVERSION = YES;
				CLANG_WARN_OBJC_ROOT_CLASS = YES_ERROR;
				CLANG_WARN_QUOTED_INCLUDE_IN_FRAMEWORK_HEADER = YES;
				CLANG_WARN_RANGE_LOOP_ANALYSIS = YES;
				CLANG_WARN_STRICT_PROTOTYPES = YES;
				CLANG_WARN_SUSPICIOUS_MOVE = YES;
				CLANG_WARN_UNGUARDED_AVAILABILITY = YES_AGGRESSIVE;
				CLANG_WARN_UNREACHABLE_CODE = YES;
				CLANG_WARN__DUPLICATE_METHOD_MATCH = YES;
				COPY_PHASE_STRIP = NO;
				DEBUG_INFORMATION_FORMAT = dwarf;
				ENABLE_STRICT_OBJC_MSGSEND = YES;
				ENABLE_TESTABILITY = YES;
				GCC_C_LANGUAGE_STANDARD = gnu11;
				GCC_DYNAMIC_NO_PIC = NO;
				GCC_NO_COMMON_BLOCKS = YES;
				GCC_OPTIMIZATION_LEVEL = 0;
				GCC_PREPROCESSOR_DEFINITIONS = (
					"DEBUG=1",
					"$(inherited)",
				);
				GCC_WARN_64_TO_32_BIT_CONVERSION = YES;
				GCC_WARN_ABOUT_RETURN_TYPE = YES_ERROR;
				GCC_WARN_UNDECLARED_SELECTOR = YES;
				GCC_WARN_UNINITIALIZED_AUTOS = YES_AGGRESSIVE;
				GCC_WARN_UNUSED_FUNCTION = YES;
				GCC_WARN_UNUSED_VARIABLE = YES;
				IPHONEOS_DEPLOYMENT_TARGET = 14.5;
				MTL_ENABLE_DEBUG_INFO = INCLUDE_SOURCE;
				MTL_FAST_MATH = YES;
				ONLY_ACTIVE_ARCH = YES;
				SDKROOT = iphoneos;
				SWIFT_ACTIVE_COMPILATION_CONDITIONS = DEBUG;
				SWIFT_OPTIMIZATION_LEVEL = "-Onone";
			};
			name = Debug;
		};
		52A11C8926A0804D00F2FF65 /* Release */ = {
			isa = XCBuildConfiguration;
			buildSettings = {
				ALWAYS_SEARCH_USER_PATHS = NO;
				CLANG_ANALYZER_NONNULL = YES;
				CLANG_ANALYZER_NUMBER_OBJECT_CONVERSION = YES_AGGRESSIVE;
				CLANG_CXX_LANGUAGE_STANDARD = "gnu++14";
				CLANG_CXX_LIBRARY = "libc++";
				CLANG_ENABLE_MODULES = YES;
				CLANG_ENABLE_OBJC_ARC = YES;
				CLANG_ENABLE_OBJC_WEAK = YES;
				CLANG_WARN_BLOCK_CAPTURE_AUTORELEASING = YES;
				CLANG_WARN_BOOL_CONVERSION = YES;
				CLANG_WARN_COMMA = YES;
				CLANG_WARN_CONSTANT_CONVERSION = YES;
				CLANG_WARN_DEPRECATED_OBJC_IMPLEMENTATIONS = YES;
				CLANG_WARN_DIRECT_OBJC_ISA_USAGE = YES_ERROR;
				CLANG_WARN_DOCUMENTATION_COMMENTS = YES;
				CLANG_WARN_EMPTY_BODY = YES;
				CLANG_WARN_ENUM_CONVERSION = YES;
				CLANG_WARN_INFINITE_RECURSION = YES;
				CLANG_WARN_INT_CONVERSION = YES;
				CLANG_WARN_NON_LITERAL_NULL_CONVERSION = YES;
				CLANG_WARN_OBJC_IMPLICIT_RETAIN_SELF = YES;
				CLANG_WARN_OBJC_LITERAL_CONVERSION = YES;
				CLANG_WARN_OBJC_ROOT_CLASS = YES_ERROR;
				CLANG_WARN_QUOTED_INCLUDE_IN_FRAMEWORK_HEADER = YES;
				CLANG_WARN_RANGE_LOOP_ANALYSIS = YES;
				CLANG_WARN_STRICT_PROTOTYPES = YES;
				CLANG_WARN_SUSPICIOUS_MOVE = YES;
				CLANG_WARN_UNGUARDED_AVAILABILITY = YES_AGGRESSIVE;
				CLANG_WARN_UNREACHABLE_CODE = YES;
				CLANG_WARN__DUPLICATE_METHOD_MATCH = YES;
				COPY_PHASE_STRIP = NO;
				DEBUG_INFORMATION_FORMAT = "dwarf-with-dsym";
				ENABLE_NS_ASSERTIONS = NO;
				ENABLE_STRICT_OBJC_MSGSEND = YES;
				GCC_C_LANGUAGE_STANDARD = gnu11;
				GCC_NO_COMMON_BLOCKS = YES;
				GCC_WARN_64_TO_32_BIT_CONVERSION = YES;
				GCC_WARN_ABOUT_RETURN_TYPE = YES_ERROR;
				GCC_WARN_UNDECLARED_SELECTOR = YES;
				GCC_WARN_UNINITIALIZED_AUTOS = YES_AGGRESSIVE;
				GCC_WARN_UNUSED_FUNCTION = YES;
				GCC_WARN_UNUSED_VARIABLE = YES;
				IPHONEOS_DEPLOYMENT_TARGET = 14.5;
				MTL_ENABLE_DEBUG_INFO = NO;
				MTL_FAST_MATH = YES;
				SDKROOT = iphoneos;
				SWIFT_COMPILATION_MODE = wholemodule;
				SWIFT_OPTIMIZATION_LEVEL = "-O";
				VALIDATE_PRODUCT = YES;
			};
			name = Release;
		};
		52A11C8B26A0804E00F2FF65 /* Debug */ = {
			isa = XCBuildConfiguration;
			buildSettings = {
				ASSETCATALOG_COMPILER_APPICON_NAME = AppIcon;
				ASSETCATALOG_COMPILER_GLOBAL_ACCENT_COLOR_NAME = AccentColor;
				CODE_SIGN_STYLE = Automatic;
				DEVELOPMENT_ASSET_PATHS = "\"Help me choose/Preview Content\"";
				DEVELOPMENT_TEAM = MVLTKC648K;
				ENABLE_PREVIEWS = YES;
				INFOPLIST_FILE = "Help me choose/Info.plist";
				IPHONEOS_DEPLOYMENT_TARGET = 14.0;
				LD_RUNPATH_SEARCH_PATHS = (
					"$(inherited)",
					"@executable_path/Frameworks",
				);
				PRODUCT_BUNDLE_IDENTIFIER = "-.Help-me-choose";
				PRODUCT_NAME = "$(TARGET_NAME)";
				SWIFT_VERSION = 5.0;
				TARGETED_DEVICE_FAMILY = "1,2";
			};
			name = Debug;
		};
		52A11C8C26A0804E00F2FF65 /* Release */ = {
			isa = XCBuildConfiguration;
			buildSettings = {
				ASSETCATALOG_COMPILER_APPICON_NAME = AppIcon;
				ASSETCATALOG_COMPILER_GLOBAL_ACCENT_COLOR_NAME = AccentColor;
				CODE_SIGN_STYLE = Automatic;
				DEVELOPMENT_ASSET_PATHS = "\"Help me choose/Preview Content\"";
				DEVELOPMENT_TEAM = MVLTKC648K;
				ENABLE_PREVIEWS = YES;
				INFOPLIST_FILE = "Help me choose/Info.plist";
				IPHONEOS_DEPLOYMENT_TARGET = 14.0;
				LD_RUNPATH_SEARCH_PATHS = (
					"$(inherited)",
					"@executable_path/Frameworks",
				);
				PRODUCT_BUNDLE_IDENTIFIER = "-.Help-me-choose";
				PRODUCT_NAME = "$(TARGET_NAME)";
				SWIFT_VERSION = 5.0;
				TARGETED_DEVICE_FAMILY = "1,2";
			};
			name = Release;
		};
		52A11C8E26A0804E00F2FF65 /* Debug */ = {
			isa = XCBuildConfiguration;
			buildSettings = {
				ALWAYS_EMBED_SWIFT_STANDARD_LIBRARIES = YES;
				BUNDLE_LOADER = "$(TEST_HOST)";
				CODE_SIGN_STYLE = Automatic;
				INFOPLIST_FILE = "Help me chooseTests/Info.plist";
				IPHONEOS_DEPLOYMENT_TARGET = 14.0;
				LD_RUNPATH_SEARCH_PATHS = (
					"$(inherited)",
					"@executable_path/Frameworks",
					"@loader_path/Frameworks",
				);
				PRODUCT_BUNDLE_IDENTIFIER = "-.Help-me-chooseTests";
				PRODUCT_NAME = "$(TARGET_NAME)";
				SWIFT_VERSION = 5.0;
				TARGETED_DEVICE_FAMILY = "1,2";
				TEST_HOST = "$(BUILT_PRODUCTS_DIR)/Help me choose.app/Help me choose";
			};
			name = Debug;
		};
		52A11C8F26A0804E00F2FF65 /* Release */ = {
			isa = XCBuildConfiguration;
			buildSettings = {
				ALWAYS_EMBED_SWIFT_STANDARD_LIBRARIES = YES;
				BUNDLE_LOADER = "$(TEST_HOST)";
				CODE_SIGN_STYLE = Automatic;
				INFOPLIST_FILE = "Help me chooseTests/Info.plist";
				IPHONEOS_DEPLOYMENT_TARGET = 14.0;
				LD_RUNPATH_SEARCH_PATHS = (
					"$(inherited)",
					"@executable_path/Frameworks",
					"@loader_path/Frameworks",
				);
				PRODUCT_BUNDLE_IDENTIFIER = "-.Help-me-chooseTests";
				PRODUCT_NAME = "$(TARGET_NAME)";
				SWIFT_VERSION = 5.0;
				TARGETED_DEVICE_FAMILY = "1,2";
				TEST_HOST = "$(BUILT_PRODUCTS_DIR)/Help me choose.app/Help me choose";
			};
			name = Release;
		};
		52A11C9126A0804E00F2FF65 /* Debug */ = {
			isa = XCBuildConfiguration;
			buildSettings = {
				ALWAYS_EMBED_SWIFT_STANDARD_LIBRARIES = YES;
				CODE_SIGN_STYLE = Automatic;
				INFOPLIST_FILE = "Help me chooseUITests/Info.plist";
				LD_RUNPATH_SEARCH_PATHS = (
					"$(inherited)",
					"@executable_path/Frameworks",
					"@loader_path/Frameworks",
				);
				PRODUCT_BUNDLE_IDENTIFIER = "-.Help-me-chooseUITests";
				PRODUCT_NAME = "$(TARGET_NAME)";
				SWIFT_VERSION = 5.0;
				TARGETED_DEVICE_FAMILY = "1,2";
				TEST_TARGET_NAME = "Help me choose";
			};
			name = Debug;
		};
		52A11C9226A0804E00F2FF65 /* Release */ = {
			isa = XCBuildConfiguration;
			buildSettings = {
				ALWAYS_EMBED_SWIFT_STANDARD_LIBRARIES = YES;
				CODE_SIGN_STYLE = Automatic;
				INFOPLIST_FILE = "Help me chooseUITests/Info.plist";
				LD_RUNPATH_SEARCH_PATHS = (
					"$(inherited)",
					"@executable_path/Frameworks",
					"@loader_path/Frameworks",
				);
				PRODUCT_BUNDLE_IDENTIFIER = "-.Help-me-chooseUITests";
				PRODUCT_NAME = "$(TARGET_NAME)";
				SWIFT_VERSION = 5.0;
				TARGETED_DEVICE_FAMILY = "1,2";
				TEST_TARGET_NAME = "Help me choose";
			};
			name = Release;
		};
/* End XCBuildConfiguration section */

/* Begin XCConfigurationList section */
		52A11C6026A0804A00F2FF65 /* Build configuration list for PBXProject "Help me choose" */ = {
			isa = XCConfigurationList;
			buildConfigurations = (
				52A11C8826A0804D00F2FF65 /* Debug */,
				52A11C8926A0804D00F2FF65 /* Release */,
			);
			defaultConfigurationIsVisible = 0;
			defaultConfigurationName = Release;
		};
		52A11C8A26A0804E00F2FF65 /* Build configuration list for PBXNativeTarget "Help me choose" */ = {
			isa = XCConfigurationList;
			buildConfigurations = (
				52A11C8B26A0804E00F2FF65 /* Debug */,
				52A11C8C26A0804E00F2FF65 /* Release */,
			);
			defaultConfigurationIsVisible = 0;
			defaultConfigurationName = Release;
		};
		52A11C8D26A0804E00F2FF65 /* Build configuration list for PBXNativeTarget "Help me chooseTests" */ = {
			isa = XCConfigurationList;
			buildConfigurations = (
				52A11C8E26A0804E00F2FF65 /* Debug */,
				52A11C8F26A0804E00F2FF65 /* Release */,
			);
			defaultConfigurationIsVisible = 0;
			defaultConfigurationName = Release;
		};
		52A11C9026A0804E00F2FF65 /* Build configuration list for PBXNativeTarget "Help me chooseUITests" */ = {
			isa = XCConfigurationList;
			buildConfigurations = (
				52A11C9126A0804E00F2FF65 /* Debug */,
				52A11C9226A0804E00F2FF65 /* Release */,
			);
			defaultConfigurationIsVisible = 0;
			defaultConfigurationName = Release;
		};
/* End XCConfigurationList section */
	};
	rootObject = 52A11C5D26A0804A00F2FF65 /* Project object */;
}
